<?xml version="1.0" encoding="utf-8"?>
<Project ToolsVersion="4.0" xmlns="http://schemas.microsoft.com/developer/msbuild/2003">
  <ItemGroup>
    <Filter Include="Source Files">
      <UniqueIdentifier>{4FC737F1-C7A5-4376-A066-2A32D752A2FF}</UniqueIdentifier>
      <Extensions>cpp;c;cc;cxx;def;odl;idl;hpj;bat;asm;asmx</Extensions>
    </Filter>
    <Filter Include="Header Files">
      <UniqueIdentifier>{93995380-89BD-4b04-88EB-625FBE52EBFB}</UniqueIdentifier>
      <Extensions>h;hh;hpp;hxx;hm;inl;inc;xsd</Extensions>
    </Filter>
    <Filter Include="Resource Files">
      <UniqueIdentifier>{67DA6AB6-F800-4c08-8B7A-83BB121AAD01}</UniqueIdentifier>
      <Extensions>rc;ico;cur;bmp;dlg;rc2;rct;bin;rgs;gif;jpg;jpeg;jpe;resx;tiff;tif;png;wav;mfcribbon-ms</Extensions>
    </Filter>
  </ItemGroup>
  <ItemGroup>
    <Text Include="ReadMe.txt" />
  </ItemGroup>
  <ItemGroup>
    <ClCompile Include="..\..\dSFMT-src-2.2.2\dSFMT.c">
      <Filter>Source Files</Filter>
    </ClCompile>
    <ClCompile Include="..\..\dSFMT-src-2.2.2\test.c">
      <Filter>Source Files</Filter>
    </ClCompile>
  </ItemGroup>
  <ItemGroup>
    <ClInclude Include="..\..\dSFMT-src-2.2.2\dSFMT.h">
      <Filter>Header Files</Filter>
    </ClInclude>
    <ClInclude Include="..\..\dSFMT-src-2.2.2\dSFMT-common.h">
      <Filter>Header Files</Filter>
    </ClInclude>
    <ClInclude Include="..\..\dSFMT-src-2.2.2\dSFMT-params.h">
      <Filter>Header Files</Filter>
    </ClInclude>
    <ClInclude Include="..\..\dSFMT-src-2.2.2\dSFMT-params521.h">
      <Filter>Header Files</Filter>
    </ClInclude>
    <ClInclude Include="..\..\dSFMT-src-2.2.2\dSFMT-params1279.h">
      <Filter>Header Files</Filter>
    </ClInclude>
    <ClInclude Include="..\..\dSFMT-src-2.2.2\dSFMT-params2203.h">
      <Filter>Header Files</Filter>
    </ClInclude>
    <ClInclude Include="..\..\dSFMT-src-2.2.2\dSFMT-params4253.h">
      <Filter>Header Files</Filter>
    </ClInclude>
    <ClInclude Include="..\..\dSFMT-src-2.2.2\dSFMT-params11213.h">
      <Filter>Header Files</Filter>
    </ClInclude>
    <ClInclude Include="..\..\dSFMT-src-2.2.2\dSFMT-params19937.h">
      <Filter>Header Files</Filter>
    </ClInclude>
    <ClInclude Include="..\..\dSFMT-src-2.2.2\dSFMT-params44497.h">
      <Filter>Header Files</Filter>
    </ClInclude>
    <ClInclude Include="..\..\dSFMT-src-2.2.2\dSFMT-params86243.h">
      <Filter>Header Files</Filter>
    </ClInclude>
    <ClInclude Include="..\..\dSFMT-src-2.2.2\dSFMT-params132049.h">
      <Filter>Header Files</Filter>
    </ClInclude>
    <ClInclude Include="..\..\dSFMT-src-2.2.2\dSFMT-params216091.h">
      <Filter>Header Files</Filter>
    </ClInclude>
  </ItemGroup>
</Project>