<?xml version="1.0" encoding="utf-8"?>
<Project ToolsVersion="4.0" xmlns="http://schemas.microsoft.com/developer/msbuild/2003">
  <ItemGroup>
    <Filter Include="Source Files">
      <UniqueIdentifier>{2f256d67-918d-4139-a507-ef73b885b50b}</UniqueIdentifier>
      <Extensions>cpp;c;cxx;def;odl;idl;hpj;bat;asm</Extensions>
    </Filter>
    <Filter Include="Header Files">
      <UniqueIdentifier>{0bd3eeb9-653a-42f2-b19d-4fdd33e41f0d}</UniqueIdentifier>
      <Extensions>h;hpp;hxx;hm;inl;inc</Extensions>
    </Filter>
  </ItemGroup>
  <ItemGroup>
    <ClCompile Include="lib\mktab_astud.c">
      <Filter>Source Files</Filter>
    </ClCompile>
    <ClCompile Include="lib\mktable.c">
      <Filter>Source Files</Filter>
    </ClCompile>
    <ClCompile Include="lib\mktable_utils.c">
      <Filter>Source Files</Filter>
    </ClCompile>
  </ItemGroup>
  <ItemGroup>
    <ClInclude Include="include\deck_astud.h">
      <Filter>Header Files</Filter>
    </ClInclude>
    <ClInclude Include="lib\mktable.h">
      <Filter>Header Files</Filter>
    </ClInclude>
    <ClInclude Include="include\poker_defs.h">
      <Filter>Header Files</Filter>
    </ClInclude>
  </ItemGroup>
</Project>