<?xml version="1.0" encoding="utf-8"?>
<Project ToolsVersion="4.0" xmlns="http://schemas.microsoft.com/developer/msbuild/2003">
  <ItemGroup>
    <Filter Include="Source Files">
      <UniqueIdentifier>{8387d206-af97-4fab-a187-974e7d71ea7d}</UniqueIdentifier>
      <Extensions>cpp;c;cxx;def;odl;idl;hpj;bat;asm</Extensions>
    </Filter>
    <Filter Include="Header Files">
      <UniqueIdentifier>{8b4b2606-ef74-4d04-8c6d-b685744576bc}</UniqueIdentifier>
      <Extensions>h;hpp;hxx;hm;inl;inc</Extensions>
    </Filter>
  </ItemGroup>
  <ItemGroup>
    <ClCompile Include="lib\mktab_evx.c">
      <Filter>Source Files</Filter>
    </ClCompile>
    <ClCompile Include="lib\mktable.c">
      <Filter>Source Files</Filter>
    </ClCompile>
    <ClCompile Include="lib\mktable_utils.c">
      <Filter>Source Files</Filter>
    </ClCompile>
  </ItemGroup>
  <ItemGroup>
    <ClInclude Include="include\evx_defs.h">
      <Filter>Header Files</Filter>
    </ClInclude>
    <ClInclude Include="lib\mktable.h">
      <Filter>Header Files</Filter>
    </ClInclude>
    <ClInclude Include="include\poker_defs.h">
      <Filter>Header Files</Filter>
    </ClInclude>
  </ItemGroup>
</Project>